
Microsoft Visual Studio Solution File, Format Version 12.00
# Visual Studio Version 16
VisualStudioVersion = 16.0.30309.148
MinimumVisualStudioVersion = 10.0.40219.1
Project("{FAE04EC0-301F-11D3-BF4B-00C04F79EFBC}") = "PesquisaCEP", "PesquisaCEP\PesquisaCEP.csproj", "{D5549FFC-5CB9-499A-B85D-42F3EC6BE5C9}"
EndProject
Global
	GlobalSection(SolutionConfigurationPlatforms) = preSolution
		Debug|Any CPU = Debug|Any CPU
		Release|Any CPU = Release|Any CPU
	EndGlobalSection
	GlobalSection(ProjectConfigurationPlatforms) = postSolution
		{D5549FFC-5CB9-499A-B85D-42F3EC6BE5C9}.Debug|Any CPU.ActiveCfg = Debug|Any CPU
		{D5549FFC-5CB9-499A-B85D-42F3EC6BE5C9}.Debug|Any CPU.Build.0 = Debug|Any CPU
		{D5549FFC-5CB9-499A-B85D-42F3EC6BE5C9}.Release|Any CPU.ActiveCfg = Release|Any CPU
		{D5549FFC-5CB9-499A-B85D-42F3EC6BE5C9}.Release|Any CPU.Build.0 = Release|Any CPU
	EndGlobalSection
	GlobalSection(SolutionProperties) = preSolution
		HideSolutionNode = FALSE
	EndGlobalSection
	GlobalSection(ExtensibilityGlobals) = postSolution
		SolutionGuid = {22006493-B0B4-4A32-A347-983E87CC43A6}
	EndGlobalSection
EndGlobal
